// !$*UTF8*$!
{
	archiveVersion = 1;
	classes = {
	};
	objectVersion = 56;
	objects = {

/* Begin PBXBuildFile section */
		999B680329B966250091AC35 /* BopApp.swift in Sources */ = {isa = PBXBuildFile; fileRef = 999B680229B966250091AC35 /* BopApp.swift */; };
		999B680529B966250091AC35 /* ContentView.swift in Sources */ = {isa = PBXBuildFile; fileRef = 999B680429B966250091AC35 /* ContentView.swift */; };
		999B680729B966260091AC35 /* Assets.xcassets in Resources */ = {isa = PBXBuildFile; fileRef = 999B680629B966260091AC35 /* Assets.xcassets */; };
		999B680B29B966260091AC35 /* Preview Assets.xcassets in Resources */ = {isa = PBXBuildFile; fileRef = 999B680A29B966260091AC35 /* Preview Assets.xcassets */; };
		999B681529B966260091AC35 /* BopTests.swift in Sources */ = {isa = PBXBuildFile; fileRef = 999B681429B966260091AC35 /* BopTests.swift */; };
		999B681F29B966260091AC35 /* BopUITests.swift in Sources */ = {isa = PBXBuildFile; fileRef = 999B681E29B966260091AC35 /* BopUITests.swift */; };
		999B682129B966260091AC35 /* BopUITestsLaunchTests.swift in Sources */ = {isa = PBXBuildFile; fileRef = 999B682029B966260091AC35 /* BopUITestsLaunchTests.swift */; };
/* End PBXBuildFile section */

/* Begin PBXContainerItemProxy section */
		999B681129B966260091AC35 /* PBXContainerItemProxy */ = {
			isa = PBXContainerItemProxy;
			containerPortal = 999B67F729B966250091AC35 /* Project object */;
			proxyType = 1;
			remoteGlobalIDString = 999B67FE29B966250091AC35;
			remoteInfo = Bop;
		};
		999B681B29B966260091AC35 /* PBXContainerItemProxy */ = {
			isa = PBXContainerItemProxy;
			containerPortal = 999B67F729B966250091AC35 /* Project object */;
			proxyType = 1;
			remoteGlobalIDString = 999B67FE29B966250091AC35;
			remoteInfo = Bop;
		};
/* End PBXContainerItemProxy section */

/* Begin PBXFileReference section */
		999B67FF29B966250091AC35 /* Bop.app */ = {isa = PBXFileReference; explicitFileType = wrapper.application; includeInIndex = 0; path = Bop.app; sourceTree = BUILT_PRODUCTS_DIR; };
		999B680229B966250091AC35 /* BopApp.swift */ = {isa = PBXFileReference; lastKnownFileType = sourcecode.swift; path = BopApp.swift; sourceTree = "<group>"; };
		999B680429B966250091AC35 /* ContentView.swift */ = {isa = PBXFileReference; lastKnownFileType = sourcecode.swift; path = ContentView.swift; sourceTree = "<group>"; };
		999B680629B966260091AC35 /* Assets.xcassets */ = {isa = PBXFileReference; lastKnownFileType = folder.assetcatalog; path = Assets.xcassets; sourceTree = "<group>"; };
		999B680829B966260091AC35 /* Bop.entitlements */ = {isa = PBXFileReference; lastKnownFileType = text.plist.entitlements; path = Bop.entitlements; sourceTree = "<group>"; };
		999B680A29B966260091AC35 /* Preview Assets.xcassets */ = {isa = PBXFileReference; lastKnownFileType = folder.assetcatalog; path = "Preview Assets.xcassets"; sourceTree = "<group>"; };
		999B681029B966260091AC35 /* BopTests.xctest */ = {isa = PBXFileReference; explicitFileType = wrapper.cfbundle; includeInIndex = 0; path = BopTests.xctest; sourceTree = BUILT_PRODUCTS_DIR; };
		999B681429B966260091AC35 /* BopTests.swift */ = {isa = PBXFileReference; lastKnownFileType = sourcecode.swift; path = BopTests.swift; sourceTree = "<group>"; };
		999B681A29B966260091AC35 /* BopUITests.xctest */ = {isa = PBXFileReference; explicitFileType = wrapper.cfbundle; includeInIndex = 0; path = BopUITests.xctest; sourceTree = BUILT_PRODUCTS_DIR; };
		999B681E29B966260091AC35 /* BopUITests.swift */ = {isa = PBXFileReference; lastKnownFileType = sourcecode.swift; path = BopUITests.swift; sourceTree = "<group>"; };
		999B682029B966260091AC35 /* BopUITestsLaunchTests.swift */ = {isa = PBXFileReference; lastKnownFileType = sourcecode.swift; path = BopUITestsLaunchTests.swift; sourceTree = "<group>"; };
/* End PBXFileReference section */

/* Begin PBXFrameworksBuildPhase section */
		999B67FC29B966250091AC35 /* Frameworks */ = {
			isa = PBXFrameworksBuildPhase;
			buildActionMask = 2147483647;
			files = (
			);
			runOnlyForDeploymentPostprocessing = 0;
		};
		999B680D29B966260091AC35 /* Frameworks */ = {
			isa = PBXFrameworksBuildPhase;
			buildActionMask = 2147483647;
			files = (
			);
			runOnlyForDeploymentPostprocessing = 0;
		};
		999B681729B966260091AC35 /* Frameworks */ = {
			isa = PBXFrameworksBuildPhase;
			buildActionMask = 2147483647;
			files = (
			);
			runOnlyForDeploymentPostprocessing = 0;
		};
/* End PBXFrameworksBuildPhase section */

/* Begin PBXGroup section */
		999B67F629B966250091AC35 = {
			isa = PBXGroup;
			children = (
				999B680229B966250091AC35 /* BopApp.swift */,
				999B681329B966260091AC35 /* BopTests */,
				999B680129B966250091AC35 /* Bop */,
				999B681D29B966260091AC35 /* BopUITests */,
				999B680029B966250091AC35 /* Products */,
			);
			sourceTree = "<group>";
		};
		999B680029B966250091AC35 /* Products */ = {
			isa = PBXGroup;
			children = (
				999B67FF29B966250091AC35 /* Bop.app */,
				999B681029B966260091AC35 /* BopTests.xctest */,
				999B681A29B966260091AC35 /* BopUITests.xctest */,
			);
			name = Products;
			sourceTree = "<group>";
		};
		999B680129B966250091AC35 /* Bop */ = {
			isa = PBXGroup;
			children = (
				999B680829B966260091AC35 /* Bop.entitlements */,
				999B682F29B96F5F0091AC35 /* Data */,
				999B682E29B96F4B0091AC35 /* UIControllers */,
				999B682D29B96EF10091AC35 /* Views */,
				999B683029B96F820091AC35 /* Resources */,
			);
			path = Bop;
			sourceTree = "<group>";
		};
		999B680929B966260091AC35 /* Preview Content */ = {
			isa = PBXGroup;
			children = (
				999B680A29B966260091AC35 /* Preview Assets.xcassets */,
			);
			path = "Preview Content";
			sourceTree = "<group>";
		};
		999B681329B966260091AC35 /* BopTests */ = {
			isa = PBXGroup;
			children = (
				999B681429B966260091AC35 /* BopTests.swift */,
			);
			path = BopTests;
			sourceTree = "<group>";
		};
		999B681D29B966260091AC35 /* BopUITests */ = {
			isa = PBXGroup;
			children = (
				999B681E29B966260091AC35 /* BopUITests.swift */,
				999B682029B966260091AC35 /* BopUITestsLaunchTests.swift */,
			);
			path = BopUITests;
			sourceTree = "<group>";
		};
		999B682D29B96EF10091AC35 /* Views */ = {
			isa = PBXGroup;
			children = (
				999B680429B966250091AC35 /* ContentView.swift */,
			);
			path = Views;
			sourceTree = "<group>";
		};
		999B682E29B96F4B0091AC35 /* UIControllers */ = {
			isa = PBXGroup;
			children = (
			);
			path = UIControllers;
			sourceTree = "<group>";
		};
		999B682F29B96F5F0091AC35 /* Data */ = {
			isa = PBXGroup;
			children = (
			);
			path = Data;
			sourceTree = "<group>";
		};
		999B683029B96F820091AC35 /* Resources */ = {
			isa = PBXGroup;
			children = (
				999B680929B966260091AC35 /* Preview Content */,
				999B680629B966260091AC35 /* Assets.xcassets */,
			);
			path = Resources;
			sourceTree = "<group>";
		};
/* End PBXGroup section */

/* Begin PBXNativeTarget section */
		999B67FE29B966250091AC35 /* Bop */ = {
			isa = PBXNativeTarget;
			buildConfigurationList = 999B682429B966260091AC35 /* Build configuration list for PBXNativeTarget "Bop" */;
			buildPhases = (
				999B67FB29B966250091AC35 /* Sources */,
				999B67FC29B966250091AC35 /* Frameworks */,
				999B67FD29B966250091AC35 /* Resources */,
			);
			buildRules = (
			);
			dependencies = (
			);
			name = Bop;
			productName = Bop;
			productReference = 999B67FF29B966250091AC35 /* Bop.app */;
			productType = "com.apple.product-type.application";
		};
		999B680F29B966260091AC35 /* BopTests */ = {
			isa = PBXNativeTarget;
			buildConfigurationList = 999B682729B966260091AC35 /* Build configuration list for PBXNativeTarget "BopTests" */;
			buildPhases = (
				999B680C29B966260091AC35 /* Sources */,
				999B680D29B966260091AC35 /* Frameworks */,
				999B680E29B966260091AC35 /* Resources */,
			);
			buildRules = (
			);
			dependencies = (
				999B681229B966260091AC35 /* PBXTargetDependency */,
			);
			name = BopTests;
			productName = BopTests;
			productReference = 999B681029B966260091AC35 /* BopTests.xctest */;
			productType = "com.apple.product-type.bundle.unit-test";
		};
		999B681929B966260091AC35 /* BopUITests */ = {
			isa = PBXNativeTarget;
			buildConfigurationList = 999B682A29B966260091AC35 /* Build configuration list for PBXNativeTarget "BopUITests" */;
			buildPhases = (
				999B681629B966260091AC35 /* Sources */,
				999B681729B966260091AC35 /* Frameworks */,
				999B681829B966260091AC35 /* Resources */,
			);
			buildRules = (
			);
			dependencies = (
				999B681C29B966260091AC35 /* PBXTargetDependency */,
			);
			name = BopUITests;
			productName = BopUITests;
			productReference = 999B681A29B966260091AC35 /* BopUITests.xctest */;
			productType = "com.apple.product-type.bundle.ui-testing";
		};
/* End PBXNativeTarget section */

/* Begin PBXProject section */
		999B67F729B966250091AC35 /* Project object */ = {
			isa = PBXProject;
			attributes = {
				BuildIndependentTargetsInParallel = 1;
				LastSwiftUpdateCheck = 1420;
				LastUpgradeCheck = 1420;
				TargetAttributes = {
					999B67FE29B966250091AC35 = {
						CreatedOnToolsVersion = 14.2;
					};
					999B680F29B966260091AC35 = {
						CreatedOnToolsVersion = 14.2;
						TestTargetID = 999B67FE29B966250091AC35;
					};
					999B681929B966260091AC35 = {
						CreatedOnToolsVersion = 14.2;
						TestTargetID = 999B67FE29B966250091AC35;
					};
				};
			};
			buildConfigurationList = 999B67FA29B966250091AC35 /* Build configuration list for PBXProject "Bop" */;
			compatibilityVersion = "Xcode 14.0";
			developmentRegion = en;
			hasScannedForEncodings = 0;
			knownRegions = (
				en,
				Base,
			);
			mainGroup = 999B67F629B966250091AC35;
			productRefGroup = 999B680029B966250091AC35 /* Products */;
			projectDirPath = "";
			projectRoot = "";
			targets = (
				999B67FE29B966250091AC35 /* Bop */,
				999B680F29B966260091AC35 /* BopTests */,
				999B681929B966260091AC35 /* BopUITests */,
			);
		};
/* End PBXProject section */

/* Begin PBXResourcesBuildPhase section */
		999B67FD29B966250091AC35 /* Resources */ = {
			isa = PBXResourcesBuildPhase;
			buildActionMask = 2147483647;
			files = (
				999B680B29B966260091AC35 /* Preview Assets.xcassets in Resources */,
				999B680729B966260091AC35 /* Assets.xcassets in Resources */,
			);
			runOnlyForDeploymentPostprocessing = 0;
		};
		999B680E29B966260091AC35 /* Resources */ = {
			isa = PBXResourcesBuildPhase;
			buildActionMask = 2147483647;
			files = (
			);
			runOnlyForDeploymentPostprocessing = 0;
		};
		999B681829B966260091AC35 /* Resources */ = {
			isa = PBXResourcesBuildPhase;
			buildActionMask = 2147483647;
			files = (
			);
			runOnlyForDeploymentPostprocessing = 0;
		};
/* End PBXResourcesBuildPhase section */

/* Begin PBXSourcesBuildPhase section */
		999B67FB29B966250091AC35 /* Sources */ = {
			isa = PBXSourcesBuildPhase;
			buildActionMask = 2147483647;
			files = (
				999B680529B966250091AC35 /* ContentView.swift in Sources */,
				999B680329B966250091AC35 /* BopApp.swift in Sources */,
			);
			runOnlyForDeploymentPostprocessing = 0;
		};
		999B680C29B966260091AC35 /* Sources */ = {
			isa = PBXSourcesBuildPhase;
			buildActionMask = 2147483647;
			files = (
				999B681529B966260091AC35 /* BopTests.swift in Sources */,
			);
			runOnlyForDeploymentPostprocessing = 0;
		};
		999B681629B966260091AC35 /* Sources */ = {
			isa = PBXSourcesBuildPhase;
			buildActionMask = 2147483647;
			files = (
				999B682129B966260091AC35 /* BopUITestsLaunchTests.swift in Sources */,
				999B681F29B966260091AC35 /* BopUITests.swift in Sources */,
			);
			runOnlyForDeploymentPostprocessing = 0;
		};
/* End PBXSourcesBuildPhase section */

/* Begin PBXTargetDependency section */
		999B681229B966260091AC35 /* PBXTargetDependency */ = {
			isa = PBXTargetDependency;
			target = 999B67FE29B966250091AC35 /* Bop */;
			targetProxy = 999B681129B966260091AC35 /* PBXContainerItemProxy */;
		};
		999B681C29B966260091AC35 /* PBXTargetDependency */ = {
			isa = PBXTargetDependency;
			target = 999B67FE29B966250091AC35 /* Bop */;
			targetProxy = 999B681B29B966260091AC35 /* PBXContainerItemProxy */;
		};
/* End PBXTargetDependency section */

/* Begin XCBuildConfiguration section */
		999B682229B966260091AC35 /* Debug */ = {
			isa = XCBuildConfiguration;
			buildSettings = {
				ALWAYS_SEARCH_USER_PATHS = NO;
				CLANG_ANALYZER_NONNULL = YES;
				CLANG_ANALYZER_NUMBER_OBJECT_CONVERSION = YES_AGGRESSIVE;
				CLANG_CXX_LANGUAGE_STANDARD = "gnu++20";
				CLANG_ENABLE_MODULES = YES;
				CLANG_ENABLE_OBJC_ARC = YES;
				CLANG_ENABLE_OBJC_WEAK = YES;
				CLANG_WARN_BLOCK_CAPTURE_AUTORELEASING = YES;
				CLANG_WARN_BOOL_CONVERSION = YES;
				CLANG_WARN_COMMA = YES;
				CLANG_WARN_CONSTANT_CONVERSION = YES;
				CLANG_WARN_DEPRECATED_OBJC_IMPLEMENTATIONS = YES;
				CLANG_WARN_DIRECT_OBJC_ISA_USAGE = YES_ERROR;
				CLANG_WARN_DOCUMENTATION_COMMENTS = YES;
				CLANG_WARN_EMPTY_BODY = YES;
				CLANG_WARN_ENUM_CONVERSION = YES;
				CLANG_WARN_INFINITE_RECURSION = YES;
				CLANG_WARN_INT_CONVERSION = YES;
				CLANG_WARN_NON_LITERAL_NULL_CONVERSION = YES;
				CLANG_WARN_OBJC_IMPLICIT_RETAIN_SELF = YES;
				CLANG_WARN_OBJC_LITERAL_CONVERSION = YES;
				CLANG_WARN_OBJC_ROOT_CLASS = YES_ERROR;
				CLANG_WARN_QUOTED_INCLUDE_IN_FRAMEWORK_HEADER = YES;
				CLANG_WARN_RANGE_LOOP_ANALYSIS = YES;
				CLANG_WARN_STRICT_PROTOTYPES = YES;
				CLANG_WARN_SUSPICIOUS_MOVE = YES;
				CLANG_WARN_UNGUARDED_AVAILABILITY = YES_AGGRESSIVE;
				CLANG_WARN_UNREACHABLE_CODE = YES;
				CLANG_WARN__DUPLICATE_METHOD_MATCH = YES;
				COPY_PHASE_STRIP = NO;
				DEBUG_INFORMATION_FORMAT = dwarf;
				ENABLE_STRICT_OBJC_MSGSEND = YES;
				ENABLE_TESTABILITY = YES;
				GCC_C_LANGUAGE_STANDARD = gnu11;
				GCC_DYNAMIC_NO_PIC = NO;
				GCC_NO_COMMON_BLOCKS = YES;
				GCC_OPTIMIZATION_LEVEL = 0;
				GCC_PREPROCESSOR_DEFINITIONS = (
					"DEBUG=1",
					"$(inherited)",
				);
				GCC_WARN_64_TO_32_BIT_CONVERSION = YES;
				GCC_WARN_ABOUT_RETURN_TYPE = YES_ERROR;
				GCC_WARN_UNDECLARED_SELECTOR = YES;
				GCC_WARN_UNINITIALIZED_AUTOS = YES_AGGRESSIVE;
				GCC_WARN_UNUSED_FUNCTION = YES;
				GCC_WARN_UNUSED_VARIABLE = YES;
				MTL_ENABLE_DEBUG_INFO = INCLUDE_SOURCE;
				MTL_FAST_MATH = YES;
				ONLY_ACTIVE_ARCH = YES;
				SWIFT_ACTIVE_COMPILATION_CONDITIONS = DEBUG;
				SWIFT_OPTIMIZATION_LEVEL = "-Onone";
			};
			name = Debug;
		};
		999B682329B966260091AC35 /* Release */ = {
			isa = XCBuildConfiguration;
			buildSettings = {
				ALWAYS_SEARCH_USER_PATHS = NO;
				CLANG_ANALYZER_NONNULL = YES;
				CLANG_ANALYZER_NUMBER_OBJECT_CONVERSION = YES_AGGRESSIVE;
				CLANG_CXX_LANGUAGE_STANDARD = "gnu++20";
				CLANG_ENABLE_MODULES = YES;
				CLANG_ENABLE_OBJC_ARC = YES;
				CLANG_ENABLE_OBJC_WEAK = YES;
				CLANG_WARN_BLOCK_CAPTURE_AUTORELEASING = YES;
				CLANG_WARN_BOOL_CONVERSION = YES;
				CLANG_WARN_COMMA = YES;
				CLANG_WARN_CONSTANT_CONVERSION = YES;
				CLANG_WARN_DEPRECATED_OBJC_IMPLEMENTATIONS = YES;
				CLANG_WARN_DIRECT_OBJC_ISA_USAGE = YES_ERROR;
				CLANG_WARN_DOCUMENTATION_COMMENTS = YES;
				CLANG_WARN_EMPTY_BODY = YES;
				CLANG_WARN_ENUM_CONVERSION = YES;
				CLANG_WARN_INFINITE_RECURSION = YES;
				CLANG_WARN_INT_CONVERSION = YES;
				CLANG_WARN_NON_LITERAL_NULL_CONVERSION = YES;
				CLANG_WARN_OBJC_IMPLICIT_RETAIN_SELF = YES;
				CLANG_WARN_OBJC_LITERAL_CONVERSION = YES;
				CLANG_WARN_OBJC_ROOT_CLASS = YES_ERROR;
				CLANG_WARN_QUOTED_INCLUDE_IN_FRAMEWORK_HEADER = YES;
				CLANG_WARN_RANGE_LOOP_ANALYSIS = YES;
				CLANG_WARN_STRICT_PROTOTYPES = YES;
				CLANG_WARN_SUSPICIOUS_MOVE = YES;
				CLANG_WARN_UNGUARDED_AVAILABILITY = YES_AGGRESSIVE;
				CLANG_WARN_UNREACHABLE_CODE = YES;
				CLANG_WARN__DUPLICATE_METHOD_MATCH = YES;
				COPY_PHASE_STRIP = NO;
				DEBUG_INFORMATION_FORMAT = "dwarf-with-dsym";
				ENABLE_NS_ASSERTIONS = NO;
				ENABLE_STRICT_OBJC_MSGSEND = YES;
				GCC_C_LANGUAGE_STANDARD = gnu11;
				GCC_NO_COMMON_BLOCKS = YES;
				GCC_WARN_64_TO_32_BIT_CONVERSION = YES;
				GCC_WARN_ABOUT_RETURN_TYPE = YES_ERROR;
				GCC_WARN_UNDECLARED_SELECTOR = YES;
				GCC_WARN_UNINITIALIZED_AUTOS = YES_AGGRESSIVE;
				GCC_WARN_UNUSED_FUNCTION = YES;
				GCC_WARN_UNUSED_VARIABLE = YES;
				MTL_ENABLE_DEBUG_INFO = NO;
				MTL_FAST_MATH = YES;
				SWIFT_COMPILATION_MODE = wholemodule;
				SWIFT_OPTIMIZATION_LEVEL = "-O";
			};
			name = Release;
		};
		999B682529B966260091AC35 /* Debug */ = {
			isa = XCBuildConfiguration;
			buildSettings = {
				ASSETCATALOG_COMPILER_APPICON_NAME = AppIcon;
				ASSETCATALOG_COMPILER_GLOBAL_ACCENT_COLOR_NAME = AccentColor;
				CODE_SIGN_ENTITLEMENTS = Bop/Bop.entitlements;
				CODE_SIGN_STYLE = Automatic;
				CURRENT_PROJECT_VERSION = 1;
				DEVELOPMENT_ASSET_PATHS = "\"Bop/Resources/Preview Content\"";
				ENABLE_PREVIEWS = YES;
				GENERATE_INFOPLIST_FILE = YES;
				"INFOPLIST_KEY_UIApplicationSceneManifest_Generation[sdk=iphoneos*]" = YES;
				"INFOPLIST_KEY_UIApplicationSceneManifest_Generation[sdk=iphonesimulator*]" = YES;
				"INFOPLIST_KEY_UIApplicationSupportsIndirectInputEvents[sdk=iphoneos*]" = YES;
				"INFOPLIST_KEY_UIApplicationSupportsIndirectInputEvents[sdk=iphonesimulator*]" = YES;
				"INFOPLIST_KEY_UILaunchScreen_Generation[sdk=iphoneos*]" = YES;
				"INFOPLIST_KEY_UILaunchScreen_Generation[sdk=iphonesimulator*]" = YES;
				"INFOPLIST_KEY_UIStatusBarStyle[sdk=iphoneos*]" = UIStatusBarStyleDefault;
				"INFOPLIST_KEY_UIStatusBarStyle[sdk=iphonesimulator*]" = UIStatusBarStyleDefault;
				INFOPLIST_KEY_UISupportedInterfaceOrientations_iPad = "UIInterfaceOrientationPortrait UIInterfaceOrientationPortraitUpsideDown UIInterfaceOrientationLandscapeLeft UIInterfaceOrientationLandscapeRight";
				INFOPLIST_KEY_UISupportedInterfaceOrientations_iPhone = "UIInterfaceOrientationPortrait UIInterfaceOrientationLandscapeLeft UIInterfaceOrientationLandscapeRight";
				IPHONEOS_DEPLOYMENT_TARGET = 16.2;
				LD_RUNPATH_SEARCH_PATHS = "@executable_path/Frameworks";
				"LD_RUNPATH_SEARCH_PATHS[sdk=macosx*]" = "@executable_path/../Frameworks";
				MACOSX_DEPLOYMENT_TARGET = 13.1;
				MARKETING_VERSION = 1.0;
				PRODUCT_BUNDLE_IDENTIFIER = EAdesola.Bop;
				PRODUCT_NAME = "$(TARGET_NAME)";
				SDKROOT = auto;
				SUPPORTED_PLATFORMS = "iphoneos iphonesimulator macosx";
				SWIFT_EMIT_LOC_STRINGS = YES;
				SWIFT_VERSION = 5.0;
				TARGETED_DEVICE_FAMILY = "1,2";
			};
			name = Debug;
		};
		999B682629B966260091AC35 /* Release */ = {
			isa = XCBuildConfiguration;
			buildSettings = {
				ASSETCATALOG_COMPILER_APPICON_NAME = AppIcon;
				ASSETCATALOG_COMPILER_GLOBAL_ACCENT_COLOR_NAME = AccentColor;
				CODE_SIGN_ENTITLEMENTS = Bop/Bop.entitlements;
				CODE_SIGN_STYLE = Automatic;
				CURRENT_PROJECT_VERSION = 1;
				DEVELOPMENT_ASSET_PATHS = "\"Bop/Resources/Preview Content\"";
				ENABLE_PREVIEWS = YES;
				GENERATE_INFOPLIST_FILE = YES;
				"INFOPLIST_KEY_UIApplicationSceneManifest_Generation[sdk=iphoneos*]" = YES;
				"INFOPLIST_KEY_UIApplicationSceneManifest_Generation[sdk=iphonesimulator*]" = YES;
				"INFOPLIST_KEY_UIApplicationSupportsIndirectInputEvents[sdk=iphoneos*]" = YES;
				"INFOPLIST_KEY_UIApplicationSupportsIndirectInputEvents[sdk=iphonesimulator*]" = YES;
				"INFOPLIST_KEY_UILaunchScreen_Generation[sdk=iphoneos*]" = YES;
				"INFOPLIST_KEY_UILaunchScreen_Generation[sdk=iphonesimulator*]" = YES;
				"INFOPLIST_KEY_UIStatusBarStyle[sdk=iphoneos*]" = UIStatusBarStyleDefault;
				"INFOPLIST_KEY_UIStatusBarStyle[sdk=iphonesimulator*]" = UIStatusBarStyleDefault;
				INFOPLIST_KEY_UISupportedInterfaceOrientations_iPad = "UIInterfaceOrientationPortrait UIInterfaceOrientationPortraitUpsideDown UIInterfaceOrientationLandscapeLeft UIInterfaceOrientationLandscapeRight";
				INFOPLIST_KEY_UISupportedInterfaceOrientations_iPhone = "UIInterfaceOrientationPortrait UIInterfaceOrientationLandscapeLeft UIInterfaceOrientationLandscapeRight";
				IPHONEOS_DEPLOYMENT_TARGET = 16.2;
				LD_RUNPATH_SEARCH_PATHS = "@executable_path/Frameworks";
				"LD_RUNPATH_SEARCH_PATHS[sdk=macosx*]" = "@executable_path/../Frameworks";
				MACOSX_DEPLOYMENT_TARGET = 13.1;
				MARKETING_VERSION = 1.0;
				PRODUCT_BUNDLE_IDENTIFIER = EAdesola.Bop;
				PRODUCT_NAME = "$(TARGET_NAME)";
				SDKROOT = auto;
				SUPPORTED_PLATFORMS = "iphoneos iphonesimulator macosx";
				SWIFT_EMIT_LOC_STRINGS = YES;
				SWIFT_VERSION = 5.0;
				TARGETED_DEVICE_FAMILY = "1,2";
			};
			name = Release;
		};
		999B682829B966260091AC35 /* Debug */ = {
			isa = XCBuildConfiguration;
			buildSettings = {
				ALWAYS_EMBED_SWIFT_STANDARD_LIBRARIES = YES;
				BUNDLE_LOADER = "$(TEST_HOST)";
				CODE_SIGN_STYLE = Automatic;
				CURRENT_PROJECT_VERSION = 1;
				GENERATE_INFOPLIST_FILE = YES;
				IPHONEOS_DEPLOYMENT_TARGET = 16.2;
				MACOSX_DEPLOYMENT_TARGET = 13.1;
				MARKETING_VERSION = 1.0;
				PRODUCT_BUNDLE_IDENTIFIER = EAdesola.BopTests;
				PRODUCT_NAME = "$(TARGET_NAME)";
				SDKROOT = auto;
				SUPPORTED_PLATFORMS = "iphoneos iphonesimulator macosx";
				SWIFT_EMIT_LOC_STRINGS = NO;
				SWIFT_VERSION = 5.0;
				TARGETED_DEVICE_FAMILY = "1,2";
				TEST_HOST = "$(BUILT_PRODUCTS_DIR)/Bop.app/$(BUNDLE_EXECUTABLE_FOLDER_PATH)/Bop";
			};
			name = Debug;
		};
		999B682929B966260091AC35 /* Release */ = {
			isa = XCBuildConfiguration;
			buildSettings = {
				ALWAYS_EMBED_SWIFT_STANDARD_LIBRARIES = YES;
				BUNDLE_LOADER = "$(TEST_HOST)";
				CODE_SIGN_STYLE = Automatic;
				CURRENT_PROJECT_VERSION = 1;
				GENERATE_INFOPLIST_FILE = YES;
				IPHONEOS_DEPLOYMENT_TARGET = 16.2;
				MACOSX_DEPLOYMENT_TARGET = 13.1;
				MARKETING_VERSION = 1.0;
				PRODUCT_BUNDLE_IDENTIFIER = EAdesola.BopTests;
				PRODUCT_NAME = "$(TARGET_NAME)";
				SDKROOT = auto;
				SUPPORTED_PLATFORMS = "iphoneos iphonesimulator macosx";
				SWIFT_EMIT_LOC_STRINGS = NO;
				SWIFT_VERSION = 5.0;
				TARGETED_DEVICE_FAMILY = "1,2";
				TEST_HOST = "$(BUILT_PRODUCTS_DIR)/Bop.app/$(BUNDLE_EXECUTABLE_FOLDER_PATH)/Bop";
			};
			name = Release;
		};
		999B682B29B966260091AC35 /* Debug */ = {
			isa = XCBuildConfiguration;
			buildSettings = {
				ALWAYS_EMBED_SWIFT_STANDARD_LIBRARIES = YES;
				CODE_SIGN_STYLE = Automatic;
				CURRENT_PROJECT_VERSION = 1;
				GENERATE_INFOPLIST_FILE = YES;
				IPHONEOS_DEPLOYMENT_TARGET = 16.2;
				MACOSX_DEPLOYMENT_TARGET = 13.1;
				MARKETING_VERSION = 1.0;
				PRODUCT_BUNDLE_IDENTIFIER = EAdesola.BopUITests;
				PRODUCT_NAME = "$(TARGET_NAME)";
				SDKROOT = auto;
				SUPPORTED_PLATFORMS = "iphoneos iphonesimulator macosx";
				SWIFT_EMIT_LOC_STRINGS = NO;
				SWIFT_VERSION = 5.0;
				TARGETED_DEVICE_FAMILY = "1,2";
				TEST_TARGET_NAME = Bop;
			};
			name = Debug;
		};
		999B682C29B966260091AC35 /* Release */ = {
			isa = XCBuildConfiguration;
			buildSettings = {
				ALWAYS_EMBED_SWIFT_STANDARD_LIBRARIES = YES;
				CODE_SIGN_STYLE = Automatic;
				CURRENT_PROJECT_VERSION = 1;
				GENERATE_INFOPLIST_FILE = YES;
				IPHONEOS_DEPLOYMENT_TARGET = 16.2;
				MACOSX_DEPLOYMENT_TARGET = 13.1;
				MARKETING_VERSION = 1.0;
				PRODUCT_BUNDLE_IDENTIFIER = EAdesola.BopUITests;
				PRODUCT_NAME = "$(TARGET_NAME)";
				SDKROOT = auto;
				SUPPORTED_PLATFORMS = "iphoneos iphonesimulator macosx";
				SWIFT_EMIT_LOC_STRINGS = NO;
				SWIFT_VERSION = 5.0;
				TARGETED_DEVICE_FAMILY = "1,2";
				TEST_TARGET_NAME = Bop;
			};
			name = Release;
		};
/* End XCBuildConfiguration section */

/* Begin XCConfigurationList section */
		999B67FA29B966250091AC35 /* Build configuration list for PBXProject "Bop" */ = {
			isa = XCConfigurationList;
			buildConfigurations = (
				999B682229B966260091AC35 /* Debug */,
				999B682329B966260091AC35 /* Release */,
			);
			defaultConfigurationIsVisible = 0;
			defaultConfigurationName = Release;
		};
		999B682429B966260091AC35 /* Build configuration list for PBXNativeTarget "Bop" */ = {
			isa = XCConfigurationList;
			buildConfigurations = (
				999B682529B966260091AC35 /* Debug */,
				999B682629B966260091AC35 /* Release */,
			);
			defaultConfigurationIsVisible = 0;
			defaultConfigurationName = Release;
		};
		999B682729B966260091AC35 /* Build configuration list for PBXNativeTarget "BopTests" */ = {
			isa = XCConfigurationList;
			buildConfigurations = (
				999B682829B966260091AC35 /* Debug */,
				999B682929B966260091AC35 /* Release */,
			);
			defaultConfigurationIsVisible = 0;
			defaultConfigurationName = Release;
		};
		999B682A29B966260091AC35 /* Build configuration list for PBXNativeTarget "BopUITests" */ = {
			isa = XCConfigurationList;
			buildConfigurations = (
				999B682B29B966260091AC35 /* Debug */,
				999B682C29B966260091AC35 /* Release */,
			);
			defaultConfigurationIsVisible = 0;
			defaultConfigurationName = Release;
		};
/* End XCConfigurationList section */
	};
	rootObject = 999B67F729B966250091AC35 /* Project object */;
}
